// !$*UTF8*$!
{
	archiveVersion = 1;
	classes = {
	};
	objectVersion = 51;
	objects = {

/* Begin PBXBuildFile section */
		1EBDB0382420346100A5A7B4 /* AppDelegate.swift in Sources */ = {isa = PBXBuildFile; fileRef = 1EBDB0372420346100A5A7B4 /* AppDelegate.swift */; };
		1EBDB03A2420346100A5A7B4 /* SceneDelegate.swift in Sources */ = {isa = PBXBuildFile; fileRef = 1EBDB0392420346100A5A7B4 /* SceneDelegate.swift */; };
		1EBDB03C2420346100A5A7B4 /* ContentView.swift in Sources */ = {isa = PBXBuildFile; fileRef = 1EBDB03B2420346100A5A7B4 /* ContentView.swift */; };
		1EBDB03E2420346400A5A7B4 /* Assets.xcassets in Resources */ = {isa = PBXBuildFile; fileRef = 1EBDB03D2420346400A5A7B4 /* Assets.xcassets */; };
		1EBDB0412420346400A5A7B4 /* Preview Assets.xcassets in Resources */ = {isa = PBXBuildFile; fileRef = 1EBDB0402420346400A5A7B4 /* Preview Assets.xcassets */; };
		1EBDB0442420346400A5A7B4 /* LaunchScreen.storyboard in Resources */ = {isa = PBXBuildFile; fileRef = 1EBDB0422420346400A5A7B4 /* LaunchScreen.storyboard */; };
		1EBDB04C2420362D00A5A7B4 /* GoogleService-Info.plist in Resources */ = {isa = PBXBuildFile; fileRef = 1EBDB04B2420362C00A5A7B4 /* GoogleService-Info.plist */; };
		1EBDB04E2421842100A5A7B4 /* SwiftUIView.swift in Sources */ = {isa = PBXBuildFile; fileRef = 1EBDB04D2421842100A5A7B4 /* SwiftUIView.swift */; };
		95D06C22F44C33DB5070111B /* Pods_Firebase_Google_Sign_In.framework in Frameworks */ = {isa = PBXBuildFile; fileRef = BE4064B8FDFABA7F26561E34 /* Pods_Firebase_Google_Sign_In.framework */; };
/* End PBXBuildFile section */

/* Begin PBXFileReference section */
		1EBDB0342420346100A5A7B4 /* Firebase Google Sign In.app */ = {isa = PBXFileReference; explicitFileType = wrapper.application; includeInIndex = 0; path = "Firebase Google Sign In.app"; sourceTree = BUILT_PRODUCTS_DIR; };
		1EBDB0372420346100A5A7B4 /* AppDelegate.swift */ = {isa = PBXFileReference; lastKnownFileType = sourcecode.swift; path = AppDelegate.swift; sourceTree = "<group>"; };
		1EBDB0392420346100A5A7B4 /* SceneDelegate.swift */ = {isa = PBXFileReference; lastKnownFileType = sourcecode.swift; path = SceneDelegate.swift; sourceTree = "<group>"; };
		1EBDB03B2420346100A5A7B4 /* ContentView.swift */ = {isa = PBXFileReference; lastKnownFileType = sourcecode.swift; path = ContentView.swift; sourceTree = "<group>"; };
		1EBDB03D2420346400A5A7B4 /* Assets.xcassets */ = {isa = PBXFileReference; lastKnownFileType = folder.assetcatalog; path = Assets.xcassets; sourceTree = "<group>"; };
		1EBDB0402420346400A5A7B4 /* Preview Assets.xcassets */ = {isa = PBXFileReference; lastKnownFileType = folder.assetcatalog; path = "Preview Assets.xcassets"; sourceTree = "<group>"; };
		1EBDB0432420346400A5A7B4 /* Base */ = {isa = PBXFileReference; lastKnownFileType = file.storyboard; name = Base; path = Base.lproj/LaunchScreen.storyboard; sourceTree = "<group>"; };
		1EBDB0452420346400A5A7B4 /* Info.plist */ = {isa = PBXFileReference; lastKnownFileType = text.plist.xml; path = Info.plist; sourceTree = "<group>"; };
		1EBDB04B2420362C00A5A7B4 /* GoogleService-Info.plist */ = {isa = PBXFileReference; fileEncoding = 4; lastKnownFileType = text.plist.xml; path = "GoogleService-Info.plist"; sourceTree = "<group>"; };
		1EBDB04D2421842100A5A7B4 /* SwiftUIView.swift */ = {isa = PBXFileReference; lastKnownFileType = sourcecode.swift; path = SwiftUIView.swift; sourceTree = "<group>"; };
		B6B4551911A822DA53AF0BFB /* Pods-Firebase Google Sign In.release.xcconfig */ = {isa = PBXFileReference; includeInIndex = 1; lastKnownFileType = text.xcconfig; name = "Pods-Firebase Google Sign In.release.xcconfig"; path = "Target Support Files/Pods-Firebase Google Sign In/Pods-Firebase Google Sign In.release.xcconfig"; sourceTree = "<group>"; };
		BE4064B8FDFABA7F26561E34 /* Pods_Firebase_Google_Sign_In.framework */ = {isa = PBXFileReference; explicitFileType = wrapper.framework; includeInIndex = 0; path = Pods_Firebase_Google_Sign_In.framework; sourceTree = BUILT_PRODUCTS_DIR; };
		EFDF9B390C5EDDC535BE87FD /* Pods-Firebase Google Sign In.debug.xcconfig */ = {isa = PBXFileReference; includeInIndex = 1; lastKnownFileType = text.xcconfig; name = "Pods-Firebase Google Sign In.debug.xcconfig"; path = "Target Support Files/Pods-Firebase Google Sign In/Pods-Firebase Google Sign In.debug.xcconfig"; sourceTree = "<group>"; };
/* End PBXFileReference section */

/* Begin PBXFrameworksBuildPhase section */
		1EBDB0312420346100A5A7B4 /* Frameworks */ = {
			isa = PBXFrameworksBuildPhase;
			buildActionMask = 2147483647;
			files = (
				95D06C22F44C33DB5070111B /* Pods_Firebase_Google_Sign_In.framework in Frameworks */,
			);
			runOnlyForDeploymentPostprocessing = 0;
		};
/* End PBXFrameworksBuildPhase section */

/* Begin PBXGroup section */
		1EBDB02B2420346100A5A7B4 = {
			isa = PBXGroup;
			children = (
				1EBDB0362420346100A5A7B4 /* Firebase Google Sign In */,
				1EBDB0352420346100A5A7B4 /* Products */,
				7C423395C2E62293BF901CCD /* Pods */,
				272F6F368EF072FF66C32F96 /* Frameworks */,
			);
			sourceTree = "<group>";
		};
		1EBDB0352420346100A5A7B4 /* Products */ = {
			isa = PBXGroup;
			children = (
				1EBDB0342420346100A5A7B4 /* Firebase Google Sign In.app */,
			);
			name = Products;
			sourceTree = "<group>";
		};
		1EBDB0362420346100A5A7B4 /* Firebase Google Sign In */ = {
			isa = PBXGroup;
			children = (
				1EBDB04B2420362C00A5A7B4 /* GoogleService-Info.plist */,
				1EBDB0372420346100A5A7B4 /* AppDelegate.swift */,
				1EBDB0392420346100A5A7B4 /* SceneDelegate.swift */,
				1EBDB03B2420346100A5A7B4 /* ContentView.swift */,
				1EBDB03D2420346400A5A7B4 /* Assets.xcassets */,
				1EBDB0422420346400A5A7B4 /* LaunchScreen.storyboard */,
				1EBDB0452420346400A5A7B4 /* Info.plist */,
				1EBDB03F2420346400A5A7B4 /* Preview Content */,
				1EBDB04D2421842100A5A7B4 /* SwiftUIView.swift */,
			);
			path = "Firebase Google Sign In";
			sourceTree = "<group>";
		};
		1EBDB03F2420346400A5A7B4 /* Preview Content */ = {
			isa = PBXGroup;
			children = (
				1EBDB0402420346400A5A7B4 /* Preview Assets.xcassets */,
			);
			path = "Preview Content";
			sourceTree = "<group>";
		};
		272F6F368EF072FF66C32F96 /* Frameworks */ = {
			isa = PBXGroup;
			children = (
				BE4064B8FDFABA7F26561E34 /* Pods_Firebase_Google_Sign_In.framework */,
			);
			name = Frameworks;
			sourceTree = "<group>";
		};
		7C423395C2E62293BF901CCD /* Pods */ = {
			isa = PBXGroup;
			children = (
				EFDF9B390C5EDDC535BE87FD /* Pods-Firebase Google Sign In.debug.xcconfig */,
				B6B4551911A822DA53AF0BFB /* Pods-Firebase Google Sign In.release.xcconfig */,
			);
			path = Pods;
			sourceTree = "<group>";
		};
/* End PBXGroup section */

/* Begin PBXNativeTarget section */
		1EBDB0332420346100A5A7B4 /* Firebase Google Sign In */ = {
			isa = PBXNativeTarget;
			buildConfigurationList = 1EBDB0482420346400A5A7B4 /* Build configuration list for PBXNativeTarget "Firebase Google Sign In" */;
			buildPhases = (
				11924FB02E0B96F8AF11482F /* [CP] Check Pods Manifest.lock */,
				1EBDB0302420346100A5A7B4 /* Sources */,
				1EBDB0312420346100A5A7B4 /* Frameworks */,
				1EBDB0322420346100A5A7B4 /* Resources */,
				58934FA996B6CD649165528C /* [CP] Embed Pods Frameworks */,
				C9741319D772B01634AFEB44 /* [CP] Copy Pods Resources */,
			);
			buildRules = (
			);
			dependencies = (
			);
			name = "Firebase Google Sign In";
			productName = "Firebase Google Sign In";
			productReference = 1EBDB0342420346100A5A7B4 /* Firebase Google Sign In.app */;
			productType = "com.apple.product-type.application";
		};
/* End PBXNativeTarget section */

/* Begin PBXProject section */
		1EBDB02C2420346100A5A7B4 /* Project object */ = {
			isa = PBXProject;
			attributes = {
				LastSwiftUpdateCheck = 1130;
				LastUpgradeCheck = 1130;
				ORGANIZATIONNAME = "Amin Phakhruddin";
				TargetAttributes = {
					1EBDB0332420346100A5A7B4 = {
						CreatedOnToolsVersion = 11.3.1;
					};
				};
			};
			buildConfigurationList = 1EBDB02F2420346100A5A7B4 /* Build configuration list for PBXProject "Firebase Google Sign In" */;
			compatibilityVersion = "Xcode 9.3";
			developmentRegion = en;
			hasScannedForEncodings = 0;
			knownRegions = (
				en,
				Base,
			);
			mainGroup = 1EBDB02B2420346100A5A7B4;
			productRefGroup = 1EBDB0352420346100A5A7B4 /* Products */;
			projectDirPath = "";
			projectRoot = "";
			targets = (
				1EBDB0332420346100A5A7B4 /* Firebase Google Sign In */,
			);
		};
/* End PBXProject section */

/* Begin PBXResourcesBuildPhase section */
		1EBDB0322420346100A5A7B4 /* Resources */ = {
			isa = PBXResourcesBuildPhase;
			buildActionMask = 2147483647;
			files = (
				1EBDB0442420346400A5A7B4 /* LaunchScreen.storyboard in Resources */,
				1EBDB04C2420362D00A5A7B4 /* GoogleService-Info.plist in Resources */,
				1EBDB0412420346400A5A7B4 /* Preview Assets.xcassets in Resources */,
				1EBDB03E2420346400A5A7B4 /* Assets.xcassets in Resources */,
			);
			runOnlyForDeploymentPostprocessing = 0;
		};
/* End PBXResourcesBuildPhase section */

/* Begin PBXShellScriptBuildPhase section */
		11924FB02E0B96F8AF11482F /* [CP] Check Pods Manifest.lock */ = {
			isa = PBXShellScriptBuildPhase;
			buildActionMask = 2147483647;
			files = (
			);
			inputFileListPaths = (
			);
			inputPaths = (
				"${PODS_PODFILE_DIR_PATH}/Podfile.lock",
				"${PODS_ROOT}/Manifest.lock",
			);
			name = "[CP] Check Pods Manifest.lock";
			outputFileListPaths = (
			);
			outputPaths = (
				"$(DERIVED_FILE_DIR)/Pods-Firebase Google Sign In-checkManifestLockResult.txt",
			);
			runOnlyForDeploymentPostprocessing = 0;
			shellPath = /bin/sh;
			shellScript = "diff \"${PODS_PODFILE_DIR_PATH}/Podfile.lock\" \"${PODS_ROOT}/Manifest.lock\" > /dev/null\nif [ $? != 0 ] ; then\n    # print error to STDERR\n    echo \"error: The sandbox is not in sync with the Podfile.lock. Run 'pod install' or update your CocoaPods installation.\" >&2\n    exit 1\nfi\n# This output is used by Xcode 'outputs' to avoid re-running this script phase.\necho \"SUCCESS\" > \"${SCRIPT_OUTPUT_FILE_0}\"\n";
			showEnvVarsInLog = 0;
		};
		58934FA996B6CD649165528C /* [CP] Embed Pods Frameworks */ = {
			isa = PBXShellScriptBuildPhase;
			buildActionMask = 2147483647;
			files = (
			);
			inputFileListPaths = (
				"${PODS_ROOT}/Target Support Files/Pods-Firebase Google Sign In/Pods-Firebase Google Sign In-frameworks-${CONFIGURATION}-input-files.xcfilelist",
			);
			name = "[CP] Embed Pods Frameworks";
			outputFileListPaths = (
				"${PODS_ROOT}/Target Support Files/Pods-Firebase Google Sign In/Pods-Firebase Google Sign In-frameworks-${CONFIGURATION}-output-files.xcfilelist",
			);
			runOnlyForDeploymentPostprocessing = 0;
			shellPath = /bin/sh;
			shellScript = "\"${PODS_ROOT}/Target Support Files/Pods-Firebase Google Sign In/Pods-Firebase Google Sign In-frameworks.sh\"\n";
			showEnvVarsInLog = 0;
		};
		C9741319D772B01634AFEB44 /* [CP] Copy Pods Resources */ = {
			isa = PBXShellScriptBuildPhase;
			buildActionMask = 2147483647;
			files = (
			);
			inputFileListPaths = (
				"${PODS_ROOT}/Target Support Files/Pods-Firebase Google Sign In/Pods-Firebase Google Sign In-resources-${CONFIGURATION}-input-files.xcfilelist",
			);
			name = "[CP] Copy Pods Resources";
			outputFileListPaths = (
				"${PODS_ROOT}/Target Support Files/Pods-Firebase Google Sign In/Pods-Firebase Google Sign In-resources-${CONFIGURATION}-output-files.xcfilelist",
			);
			runOnlyForDeploymentPostprocessing = 0;
			shellPath = /bin/sh;
			shellScript = "\"${PODS_ROOT}/Target Support Files/Pods-Firebase Google Sign In/Pods-Firebase Google Sign In-resources.sh\"\n";
			showEnvVarsInLog = 0;
		};
/* End PBXShellScriptBuildPhase section */

/* Begin PBXSourcesBuildPhase section */
		1EBDB0302420346100A5A7B4 /* Sources */ = {
			isa = PBXSourcesBuildPhase;
			buildActionMask = 2147483647;
			files = (
				1EBDB0382420346100A5A7B4 /* AppDelegate.swift in Sources */,
				1EBDB03A2420346100A5A7B4 /* SceneDelegate.swift in Sources */,
				1EBDB04E2421842100A5A7B4 /* SwiftUIView.swift in Sources */,
				1EBDB03C2420346100A5A7B4 /* ContentView.swift in Sources */,
			);
			runOnlyForDeploymentPostprocessing = 0;
		};
/* End PBXSourcesBuildPhase section */

/* Begin PBXVariantGroup section */
		1EBDB0422420346400A5A7B4 /* LaunchScreen.storyboard */ = {
			isa = PBXVariantGroup;
			children = (
				1EBDB0432420346400A5A7B4 /* Base */,
			);
			name = LaunchScreen.storyboard;
			sourceTree = "<group>";
		};
/* End PBXVariantGroup section */

/* Begin XCBuildConfiguration section */
		1EBDB0462420346400A5A7B4 /* Debug */ = {
			isa = XCBuildConfiguration;
			buildSettings = {
				ALWAYS_SEARCH_USER_PATHS = NO;
				CLANG_ANALYZER_NONNULL = YES;
				CLANG_ANALYZER_NUMBER_OBJECT_CONVERSION = YES_AGGRESSIVE;
				CLANG_CXX_LANGUAGE_STANDARD = "gnu++14";
				CLANG_CXX_LIBRARY = "libc++";
				CLANG_ENABLE_MODULES = YES;
				CLANG_ENABLE_OBJC_ARC = YES;
				CLANG_ENABLE_OBJC_WEAK = YES;
				CLANG_WARN_BLOCK_CAPTURE_AUTORELEASING = YES;
				CLANG_WARN_BOOL_CONVERSION = YES;
				CLANG_WARN_COMMA = YES;
				CLANG_WARN_CONSTANT_CONVERSION = YES;
				CLANG_WARN_DEPRECATED_OBJC_IMPLEMENTATIONS = YES;
				CLANG_WARN_DIRECT_OBJC_ISA_USAGE = YES_ERROR;
				CLANG_WARN_DOCUMENTATION_COMMENTS = YES;
				CLANG_WARN_EMPTY_BODY = YES;
				CLANG_WARN_ENUM_CONVERSION = YES;
				CLANG_WARN_INFINITE_RECURSION = YES;
				CLANG_WARN_INT_CONVERSION = YES;
				CLANG_WARN_NON_LITERAL_NULL_CONVERSION = YES;
				CLANG_WARN_OBJC_IMPLICIT_RETAIN_SELF = YES;
				CLANG_WARN_OBJC_LITERAL_CONVERSION = YES;
				CLANG_WARN_OBJC_ROOT_CLASS = YES_ERROR;
				CLANG_WARN_RANGE_LOOP_ANALYSIS = YES;
				CLANG_WARN_STRICT_PROTOTYPES = YES;
				CLANG_WARN_SUSPICIOUS_MOVE = YES;
				CLANG_WARN_UNGUARDED_AVAILABILITY = YES_AGGRESSIVE;
				CLANG_WARN_UNREACHABLE_CODE = YES;
				CLANG_WARN__DUPLICATE_METHOD_MATCH = YES;
				COPY_PHASE_STRIP = NO;
				DEBUG_INFORMATION_FORMAT = dwarf;
				ENABLE_STRICT_OBJC_MSGSEND = YES;
				ENABLE_TESTABILITY = YES;
				GCC_C_LANGUAGE_STANDARD = gnu11;
				GCC_DYNAMIC_NO_PIC = NO;
				GCC_NO_COMMON_BLOCKS = YES;
				GCC_OPTIMIZATION_LEVEL = 0;
				GCC_PREPROCESSOR_DEFINITIONS = (
					"DEBUG=1",
					"$(inherited)",
				);
				GCC_WARN_64_TO_32_BIT_CONVERSION = YES;
				GCC_WARN_ABOUT_RETURN_TYPE = YES_ERROR;
				GCC_WARN_UNDECLARED_SELECTOR = YES;
				GCC_WARN_UNINITIALIZED_AUTOS = YES_AGGRESSIVE;
				GCC_WARN_UNUSED_FUNCTION = YES;
				GCC_WARN_UNUSED_VARIABLE = YES;
				IPHONEOS_DEPLOYMENT_TARGET = 13.2;
				MTL_ENABLE_DEBUG_INFO = INCLUDE_SOURCE;
				MTL_FAST_MATH = YES;
				ONLY_ACTIVE_ARCH = YES;
				SDKROOT = iphoneos;
				SWIFT_ACTIVE_COMPILATION_CONDITIONS = DEBUG;
				SWIFT_OPTIMIZATION_LEVEL = "-Onone";
			};
			name = Debug;
		};
		1EBDB0472420346400A5A7B4 /* Release */ = {
			isa = XCBuildConfiguration;
			buildSettings = {
				ALWAYS_SEARCH_USER_PATHS = NO;
				CLANG_ANALYZER_NONNULL = YES;
				CLANG_ANALYZER_NUMBER_OBJECT_CONVERSION = YES_AGGRESSIVE;
				CLANG_CXX_LANGUAGE_STANDARD = "gnu++14";
				CLANG_CXX_LIBRARY = "libc++";
				CLANG_ENABLE_MODULES = YES;
				CLANG_ENABLE_OBJC_ARC = YES;
				CLANG_ENABLE_OBJC_WEAK = YES;
				CLANG_WARN_BLOCK_CAPTURE_AUTORELEASING = YES;
				CLANG_WARN_BOOL_CONVERSION = YES;
				CLANG_WARN_COMMA = YES;
				CLANG_WARN_CONSTANT_CONVERSION = YES;
				CLANG_WARN_DEPRECATED_OBJC_IMPLEMENTATIONS = YES;
				CLANG_WARN_DIRECT_OBJC_ISA_USAGE = YES_ERROR;
				CLANG_WARN_DOCUMENTATION_COMMENTS = YES;
				CLANG_WARN_EMPTY_BODY = YES;
				CLANG_WARN_ENUM_CONVERSION = YES;
				CLANG_WARN_INFINITE_RECURSION = YES;
				CLANG_WARN_INT_CONVERSION = YES;
				CLANG_WARN_NON_LITERAL_NULL_CONVERSION = YES;
				CLANG_WARN_OBJC_IMPLICIT_RETAIN_SELF = YES;
				CLANG_WARN_OBJC_LITERAL_CONVERSION = YES;
				CLANG_WARN_OBJC_ROOT_CLASS = YES_ERROR;
				CLANG_WARN_RANGE_LOOP_ANALYSIS = YES;
				CLANG_WARN_STRICT_PROTOTYPES = YES;
				CLANG_WARN_SUSPICIOUS_MOVE = YES;
				CLANG_WARN_UNGUARDED_AVAILABILITY = YES_AGGRESSIVE;
				CLANG_WARN_UNREACHABLE_CODE = YES;
				CLANG_WARN__DUPLICATE_METHOD_MATCH = YES;
				COPY_PHASE_STRIP = NO;
				DEBUG_INFORMATION_FORMAT = "dwarf-with-dsym";
				ENABLE_NS_ASSERTIONS = NO;
				ENABLE_STRICT_OBJC_MSGSEND = YES;
				GCC_C_LANGUAGE_STANDARD = gnu11;
				GCC_NO_COMMON_BLOCKS = YES;
				GCC_WARN_64_TO_32_BIT_CONVERSION = YES;
				GCC_WARN_ABOUT_RETURN_TYPE = YES_ERROR;
				GCC_WARN_UNDECLARED_SELECTOR = YES;
				GCC_WARN_UNINITIALIZED_AUTOS = YES_AGGRESSIVE;
				GCC_WARN_UNUSED_FUNCTION = YES;
				GCC_WARN_UNUSED_VARIABLE = YES;
				IPHONEOS_DEPLOYMENT_TARGET = 13.2;
				MTL_ENABLE_DEBUG_INFO = NO;
				MTL_FAST_MATH = YES;
				SDKROOT = iphoneos;
				SWIFT_COMPILATION_MODE = wholemodule;
				SWIFT_OPTIMIZATION_LEVEL = "-O";
				VALIDATE_PRODUCT = YES;
			};
			name = Release;
		};
		1EBDB0492420346400A5A7B4 /* Debug */ = {
			isa = XCBuildConfiguration;
			baseConfigurationReference = EFDF9B390C5EDDC535BE87FD /* Pods-Firebase Google Sign In.debug.xcconfig */;
			buildSettings = {
				ASSETCATALOG_COMPILER_APPICON_NAME = AppIcon;
				CODE_SIGN_STYLE = Automatic;
				DEVELOPMENT_ASSET_PATHS = "\"Firebase Google Sign In/Preview Content\"";
				DEVELOPMENT_TEAM = H8AXNVU8SM;
				ENABLE_PREVIEWS = YES;
				INFOPLIST_FILE = "Firebase Google Sign In/Info.plist";
				LD_RUNPATH_SEARCH_PATHS = (
					"$(inherited)",
					"@executable_path/Frameworks",
				);
				PRODUCT_BUNDLE_IDENTIFIER = "com.luminaryID.Firebase-Google-Sign-In";
				PRODUCT_NAME = "$(TARGET_NAME)";
				SWIFT_VERSION = 5.0;
				TARGETED_DEVICE_FAMILY = "1,2";
			};
			name = Debug;
		};
		1EBDB04A2420346400A5A7B4 /* Release */ = {
			isa = XCBuildConfiguration;
			baseConfigurationReference = B6B4551911A822DA53AF0BFB /* Pods-Firebase Google Sign In.release.xcconfig */;
			buildSettings = {
				ASSETCATALOG_COMPILER_APPICON_NAME = AppIcon;
				CODE_SIGN_STYLE = Automatic;
				DEVELOPMENT_ASSET_PATHS = "\"Firebase Google Sign In/Preview Content\"";
				DEVELOPMENT_TEAM = H8AXNVU8SM;
				ENABLE_PREVIEWS = YES;
				INFOPLIST_FILE = "Firebase Google Sign In/Info.plist";
				LD_RUNPATH_SEARCH_PATHS = (
					"$(inherited)",
					"@executable_path/Frameworks",
				);
				PRODUCT_BUNDLE_IDENTIFIER = "com.luminaryID.Firebase-Google-Sign-In";
				PRODUCT_NAME = "$(TARGET_NAME)";
				SWIFT_VERSION = 5.0;
				TARGETED_DEVICE_FAMILY = "1,2";
			};
			name = Release;
		};
/* End XCBuildConfiguration section */

/* Begin XCConfigurationList section */
		1EBDB02F2420346100A5A7B4 /* Build configuration list for PBXProject "Firebase Google Sign In" */ = {
			isa = XCConfigurationList;
			buildConfigurations = (
				1EBDB0462420346400A5A7B4 /* Debug */,
				1EBDB0472420346400A5A7B4 /* Release */,
			);
			defaultConfigurationIsVisible = 0;
			defaultConfigurationName = Release;
		};
		1EBDB0482420346400A5A7B4 /* Build configuration list for PBXNativeTarget "Firebase Google Sign In" */ = {
			isa = XCConfigurationList;
			buildConfigurations = (
				1EBDB0492420346400A5A7B4 /* Debug */,
				1EBDB04A2420346400A5A7B4 /* Release */,
			);
			defaultConfigurationIsVisible = 0;
			defaultConfigurationName = Release;
		};
/* End XCConfigurationList section */
	};
	rootObject = 1EBDB02C2420346100A5A7B4 /* Project object */;
}
